
Microsoft Visual Studio Solution File, Format Version 12.00
# Visual Studio Version 17
VisualStudioVersion = 17.9.34714.143
MinimumVisualStudioVersion = 10.0.40219.1
Project("{9A19103F-16F7-4668-BE54-9A1E7A4F7556}") = "SMS.API", "SMS.API\SMS.API.csproj", "{7CD914DB-DEA3-4026-9BF7-CF9AB75FCA38}"
EndProject
Project("{9A19103F-16F7-4668-BE54-9A1E7A4F7556}") = "SMS.Service", "SMS.Service\SMS.Service.csproj", "{0ABD56FD-B570-4F19-B17C-96075689390E}"
EndProject
Project("{9A19103F-16F7-4668-BE54-9A1E7A4F7556}") = "SMS.Domain", "SMS.Domain\SMS.Domain.csproj", "{6A11C912-0C98-44D5-BBB7-622E6C216B70}"
EndProject
Project("{9A19103F-16F7-4668-BE54-9A1E7A4F7556}") = "SMS.Infrastructure", "SMS.Infrastructure\SMS.Infrastructure.csproj", "{A232B850-34EE-41DC-9358-10341A46156A}"
EndProject
Project("{2150E333-8FDC-42A3-9474-1A3956D46DE8}") = "Tests", "Tests", "{3DDCD224-A5C0-4AED-8DBF-33370E0A9331}"
EndProject
Project("{9A19103F-16F7-4668-BE54-9A1E7A4F7556}") = "SMS.WebApi.IntegrationTests", "SMS.WebApi.IntegrationTests\SMS.WebApi.IntegrationTests.csproj", "{B2414C71-FE87-41AF-8B15-1763819B19F1}"
EndProject
Project("{9A19103F-16F7-4668-BE54-9A1E7A4F7556}") = "Service.Tests", "Service.Tests\Service.Tests.csproj", "{8B3AFB5C-9CBC-48BD-A8CD-9EBF8F814A4C}"
EndProject
Project("{FAE04EC0-301F-11D3-BF4B-00C04F79EFBC}") = "SMS.Repositories", "SMS.Repositories\SMS.Repositories.csproj", "{C363E0A0-7A51-44D4-96E3-2FA460FF7B3D}"
EndProject
Global
	GlobalSection(SolutionConfigurationPlatforms) = preSolution
		Debug|Any CPU = Debug|Any CPU
		Release|Any CPU = Release|Any CPU
	EndGlobalSection
	GlobalSection(ProjectConfigurationPlatforms) = postSolution
		{7CD914DB-DEA3-4026-9BF7-CF9AB75FCA38}.Debug|Any CPU.ActiveCfg = Debug|Any CPU
		{7CD914DB-DEA3-4026-9BF7-CF9AB75FCA38}.Debug|Any CPU.Build.0 = Debug|Any CPU
		{7CD914DB-DEA3-4026-9BF7-CF9AB75FCA38}.Release|Any CPU.ActiveCfg = Release|Any CPU
		{7CD914DB-DEA3-4026-9BF7-CF9AB75FCA38}.Release|Any CPU.Build.0 = Release|Any CPU
		{0ABD56FD-B570-4F19-B17C-96075689390E}.Debug|Any CPU.ActiveCfg = Debug|Any CPU
		{0ABD56FD-B570-4F19-B17C-96075689390E}.Debug|Any CPU.Build.0 = Debug|Any CPU
		{0ABD56FD-B570-4F19-B17C-96075689390E}.Release|Any CPU.ActiveCfg = Release|Any CPU
		{0ABD56FD-B570-4F19-B17C-96075689390E}.Release|Any CPU.Build.0 = Release|Any CPU
		{6A11C912-0C98-44D5-BBB7-622E6C216B70}.Debug|Any CPU.ActiveCfg = Debug|Any CPU
		{6A11C912-0C98-44D5-BBB7-622E6C216B70}.Debug|Any CPU.Build.0 = Debug|Any CPU
		{6A11C912-0C98-44D5-BBB7-622E6C216B70}.Release|Any CPU.ActiveCfg = Release|Any CPU
		{6A11C912-0C98-44D5-BBB7-622E6C216B70}.Release|Any CPU.Build.0 = Release|Any CPU
		{A232B850-34EE-41DC-9358-10341A46156A}.Debug|Any CPU.ActiveCfg = Debug|Any CPU
		{A232B850-34EE-41DC-9358-10341A46156A}.Debug|Any CPU.Build.0 = Debug|Any CPU
		{A232B850-34EE-41DC-9358-10341A46156A}.Release|Any CPU.ActiveCfg = Release|Any CPU
		{A232B850-34EE-41DC-9358-10341A46156A}.Release|Any CPU.Build.0 = Release|Any CPU
		{B2414C71-FE87-41AF-8B15-1763819B19F1}.Debug|Any CPU.ActiveCfg = Debug|Any CPU
		{B2414C71-FE87-41AF-8B15-1763819B19F1}.Debug|Any CPU.Build.0 = Debug|Any CPU
		{B2414C71-FE87-41AF-8B15-1763819B19F1}.Release|Any CPU.ActiveCfg = Release|Any CPU
		{B2414C71-FE87-41AF-8B15-1763819B19F1}.Release|Any CPU.Build.0 = Release|Any CPU
		{8B3AFB5C-9CBC-48BD-A8CD-9EBF8F814A4C}.Debug|Any CPU.ActiveCfg = Debug|Any CPU
		{8B3AFB5C-9CBC-48BD-A8CD-9EBF8F814A4C}.Debug|Any CPU.Build.0 = Debug|Any CPU
		{8B3AFB5C-9CBC-48BD-A8CD-9EBF8F814A4C}.Release|Any CPU.ActiveCfg = Release|Any CPU
		{8B3AFB5C-9CBC-48BD-A8CD-9EBF8F814A4C}.Release|Any CPU.Build.0 = Release|Any CPU
		{C363E0A0-7A51-44D4-96E3-2FA460FF7B3D}.Debug|Any CPU.ActiveCfg = Debug|Any CPU
		{C363E0A0-7A51-44D4-96E3-2FA460FF7B3D}.Debug|Any CPU.Build.0 = Debug|Any CPU
		{C363E0A0-7A51-44D4-96E3-2FA460FF7B3D}.Release|Any CPU.ActiveCfg = Release|Any CPU
		{C363E0A0-7A51-44D4-96E3-2FA460FF7B3D}.Release|Any CPU.Build.0 = Release|Any CPU
	EndGlobalSection
	GlobalSection(SolutionProperties) = preSolution
		HideSolutionNode = FALSE
	EndGlobalSection
	GlobalSection(NestedProjects) = preSolution
		{B2414C71-FE87-41AF-8B15-1763819B19F1} = {3DDCD224-A5C0-4AED-8DBF-33370E0A9331}
		{8B3AFB5C-9CBC-48BD-A8CD-9EBF8F814A4C} = {3DDCD224-A5C0-4AED-8DBF-33370E0A9331}
	EndGlobalSection
	GlobalSection(ExtensibilityGlobals) = postSolution
		SolutionGuid = {1D46433B-85E9-4F45-90CC-D4BF931C352F}
	EndGlobalSection
EndGlobal
